
Microsoft Visual Studio Solution File, Format Version 12.00
# Visual Studio 14
VisualStudioVersion = 14.0.24720.0
MinimumVisualStudioVersion = 10.0.40219.1
Project("{FAE04EC0-301F-11D3-BF4B-00C04F79EFBC}") = "Roboto", "Roboto\Roboto.csproj", "{4E78688D-017E-412B-A7BE-41B7376A145F}"
EndProject
Global
	GlobalSection(SolutionConfigurationPlatforms) = preSolution
		Debug - CAHLive|Any CPU = Debug - CAHLive|Any CPU
		Debug - CAHLive|x64 = Debug - CAHLive|x64
		Debug - CAHLive|x86 = Debug - CAHLive|x86
		Debug - Chat Mangler 2600|Any CPU = Debug - Chat Mangler 2600|Any CPU
		Debug - Chat Mangler 2600|x64 = Debug - Chat Mangler 2600|x64
		Debug - Chat Mangler 2600|x86 = Debug - Chat Mangler 2600|x86
		Debug - dr_loki_skylizard_bot|Any CPU = Debug - dr_loki_skylizard_bot|Any CPU
		Debug - dr_loki_skylizard_bot|x64 = Debug - dr_loki_skylizard_bot|x64
		Debug - dr_loki_skylizard_bot|x86 = Debug - dr_loki_skylizard_bot|x86
		Debug - Forest Whitaker|Any CPU = Debug - Forest Whitaker|Any CPU
		Debug - Forest Whitaker|x64 = Debug - Forest Whitaker|x64
		Debug - Forest Whitaker|x86 = Debug - Forest Whitaker|x86
		Debug - RobotoLive|Any CPU = Debug - RobotoLive|Any CPU
		Debug - RobotoLive|x64 = Debug - RobotoLive|x64
		Debug - RobotoLive|x86 = Debug - RobotoLive|x86
		Debug (+trigger)|Any CPU = Debug (+trigger)|Any CPU
		Debug (+trigger)|x64 = Debug (+trigger)|x64
		Debug (+trigger)|x86 = Debug (+trigger)|x86
		Debug|Any CPU = Debug|Any CPU
		Debug|x64 = Debug|x64
		Debug|x86 = Debug|x86
		Release Beta|Any CPU = Release Beta|Any CPU
		Release Beta|x64 = Release Beta|x64
		Release Beta|x86 = Release Beta|x86
		Release|Any CPU = Release|Any CPU
		Release|x64 = Release|x64
		Release|x86 = Release|x86
	EndGlobalSection
	GlobalSection(ProjectConfigurationPlatforms) = postSolution
		{4E78688D-017E-412B-A7BE-41B7376A145F}.Debug - CAHLive|Any CPU.ActiveCfg = Debug - CAHLive|x86
		{4E78688D-017E-412B-A7BE-41B7376A145F}.Debug - CAHLive|x64.ActiveCfg = Debug - CAHLive|x64
		{4E78688D-017E-412B-A7BE-41B7376A145F}.Debug - CAHLive|x64.Build.0 = Debug - CAHLive|x64
		{4E78688D-017E-412B-A7BE-41B7376A145F}.Debug - CAHLive|x86.ActiveCfg = Debug - CAHLive|x86
		{4E78688D-017E-412B-A7BE-41B7376A145F}.Debug - CAHLive|x86.Build.0 = Debug - CAHLive|x86
		{4E78688D-017E-412B-A7BE-41B7376A145F}.Debug - Chat Mangler 2600|Any CPU.ActiveCfg = Debug - Chat Mangler 2600|x86
		{4E78688D-017E-412B-A7BE-41B7376A145F}.Debug - Chat Mangler 2600|x64.ActiveCfg = Debug - Chat Mangler 2600|x64
		{4E78688D-017E-412B-A7BE-41B7376A145F}.Debug - Chat Mangler 2600|x64.Build.0 = Debug - Chat Mangler 2600|x64
		{4E78688D-017E-412B-A7BE-41B7376A145F}.Debug - Chat Mangler 2600|x86.ActiveCfg = Debug - Chat Mangler 2600|x86
		{4E78688D-017E-412B-A7BE-41B7376A145F}.Debug - Chat Mangler 2600|x86.Build.0 = Debug - Chat Mangler 2600|x86
		{4E78688D-017E-412B-A7BE-41B7376A145F}.Debug - dr_loki_skylizard_bot|Any CPU.ActiveCfg = Debug|x64
		{4E78688D-017E-412B-A7BE-41B7376A145F}.Debug - dr_loki_skylizard_bot|Any CPU.Build.0 = Debug|x64
		{4E78688D-017E-412B-A7BE-41B7376A145F}.Debug - dr_loki_skylizard_bot|x64.ActiveCfg = Debug - Dr Loki SkyLizard|x64
		{4E78688D-017E-412B-A7BE-41B7376A145F}.Debug - dr_loki_skylizard_bot|x64.Build.0 = Debug - Dr Loki SkyLizard|x64
		{4E78688D-017E-412B-A7BE-41B7376A145F}.Debug - dr_loki_skylizard_bot|x86.ActiveCfg = Debug - Dr Loki SkyLizard|x86
		{4E78688D-017E-412B-A7BE-41B7376A145F}.Debug - dr_loki_skylizard_bot|x86.Build.0 = Debug - Dr Loki SkyLizard|x86
		{4E78688D-017E-412B-A7BE-41B7376A145F}.Debug - Forest Whitaker|Any CPU.ActiveCfg = Debug - Forest Whitaker|x86
		{4E78688D-017E-412B-A7BE-41B7376A145F}.Debug - Forest Whitaker|x64.ActiveCfg = Debug - Forest Whitaker|x64
		{4E78688D-017E-412B-A7BE-41B7376A145F}.Debug - Forest Whitaker|x64.Build.0 = Debug - Forest Whitaker|x64
		{4E78688D-017E-412B-A7BE-41B7376A145F}.Debug - Forest Whitaker|x86.ActiveCfg = Debug - Forest Whitaker|x86
		{4E78688D-017E-412B-A7BE-41B7376A145F}.Debug - Forest Whitaker|x86.Build.0 = Debug - Forest Whitaker|x86
		{4E78688D-017E-412B-A7BE-41B7376A145F}.Debug - RobotoLive|Any CPU.ActiveCfg = Debug - RobotoLive|x86
		{4E78688D-017E-412B-A7BE-41B7376A145F}.Debug - RobotoLive|x64.ActiveCfg = Debug - RobotoLive|x64
		{4E78688D-017E-412B-A7BE-41B7376A145F}.Debug - RobotoLive|x64.Build.0 = Debug - RobotoLive|x64
		{4E78688D-017E-412B-A7BE-41B7376A145F}.Debug - RobotoLive|x86.ActiveCfg = Debug - RobotoLive|x86
		{4E78688D-017E-412B-A7BE-41B7376A145F}.Debug - RobotoLive|x86.Build.0 = Debug - RobotoLive|x86
		{4E78688D-017E-412B-A7BE-41B7376A145F}.Debug (+trigger)|Any CPU.ActiveCfg = Debug (+trigger)|x86
		{4E78688D-017E-412B-A7BE-41B7376A145F}.Debug (+trigger)|x64.ActiveCfg = Debug (+trigger)|x64
		{4E78688D-017E-412B-A7BE-41B7376A145F}.Debug (+trigger)|x64.Build.0 = Debug (+trigger)|x64
		{4E78688D-017E-412B-A7BE-41B7376A145F}.Debug (+trigger)|x86.ActiveCfg = Debug (+trigger)|x86
		{4E78688D-017E-412B-A7BE-41B7376A145F}.Debug (+trigger)|x86.Build.0 = Debug (+trigger)|x86
		{4E78688D-017E-412B-A7BE-41B7376A145F}.Debug|Any CPU.ActiveCfg = Debug|x86
		{4E78688D-017E-412B-A7BE-41B7376A145F}.Debug|x64.ActiveCfg = Debug|x64
		{4E78688D-017E-412B-A7BE-41B7376A145F}.Debug|x64.Build.0 = Debug|x64
		{4E78688D-017E-412B-A7BE-41B7376A145F}.Debug|x86.ActiveCfg = Debug|x86
		{4E78688D-017E-412B-A7BE-41B7376A145F}.Debug|x86.Build.0 = Debug|x86
		{4E78688D-017E-412B-A7BE-41B7376A145F}.Release Beta|Any CPU.ActiveCfg = Release Beta|x86
		{4E78688D-017E-412B-A7BE-41B7376A145F}.Release Beta|x64.ActiveCfg = Release Beta|x64
		{4E78688D-017E-412B-A7BE-41B7376A145F}.Release Beta|x64.Build.0 = Release Beta|x64
		{4E78688D-017E-412B-A7BE-41B7376A145F}.Release Beta|x86.ActiveCfg = Release Beta|x86
		{4E78688D-017E-412B-A7BE-41B7376A145F}.Release Beta|x86.Build.0 = Release Beta|x86
		{4E78688D-017E-412B-A7BE-41B7376A145F}.Release|Any CPU.ActiveCfg = Release|x86
		{4E78688D-017E-412B-A7BE-41B7376A145F}.Release|x64.ActiveCfg = Release|x64
		{4E78688D-017E-412B-A7BE-41B7376A145F}.Release|x64.Build.0 = Release|x64
		{4E78688D-017E-412B-A7BE-41B7376A145F}.Release|x86.ActiveCfg = Release|x86
		{4E78688D-017E-412B-A7BE-41B7376A145F}.Release|x86.Build.0 = Release|x86
	EndGlobalSection
	GlobalSection(SolutionProperties) = preSolution
		HideSolutionNode = FALSE
	EndGlobalSection
EndGlobal
