
Microsoft Visual Studio Solution File, Format Version 12.00
# Visual Studio 14
VisualStudioVersion = 14.0.24720.0
MinimumVisualStudioVersion = 10.0.40219.1
Project("{FAE04EC0-301F-11D3-BF4B-00C04F79EFBC}") = "Roboto", "Roboto\Roboto.csproj", "{4E78688D-017E-412B-A7BE-41B7376A145F}"
EndProject
Global
	GlobalSection(SolutionConfigurationPlatforms) = preSolution
		Debug - CAHLive|x86 = Debug - CAHLive|x86
		Debug - Chat Mangler 2600|x86 = Debug - Chat Mangler 2600|x86
		Debug - Forest Whitaker|x86 = Debug - Forest Whitaker|x86
		Debug - RobotoLive|x86 = Debug - RobotoLive|x86
		Debug (+trigger)|x86 = Debug (+trigger)|x86
		Debug|x86 = Debug|x86
		Release Beta|x86 = Release Beta|x86
		Release|x86 = Release|x86
	EndGlobalSection
	GlobalSection(ProjectConfigurationPlatforms) = postSolution
		{4E78688D-017E-412B-A7BE-41B7376A145F}.Debug - CAHLive|x86.ActiveCfg = Debug - CAHLive|x86
		{4E78688D-017E-412B-A7BE-41B7376A145F}.Debug - CAHLive|x86.Build.0 = Debug - CAHLive|x86
		{4E78688D-017E-412B-A7BE-41B7376A145F}.Debug - Chat Mangler 2600|x86.ActiveCfg = Debug - Chat Mangler 2600|x86
		{4E78688D-017E-412B-A7BE-41B7376A145F}.Debug - Chat Mangler 2600|x86.Build.0 = Debug - Chat Mangler 2600|x86
		{4E78688D-017E-412B-A7BE-41B7376A145F}.Debug - Forest Whitaker|x86.ActiveCfg = Debug - Forest Whitaker|x86
		{4E78688D-017E-412B-A7BE-41B7376A145F}.Debug - Forest Whitaker|x86.Build.0 = Debug - Forest Whitaker|x86
		{4E78688D-017E-412B-A7BE-41B7376A145F}.Debug - RobotoLive|x86.ActiveCfg = Debug - RobotoLive|x86
		{4E78688D-017E-412B-A7BE-41B7376A145F}.Debug - RobotoLive|x86.Build.0 = Debug - RobotoLive|x86
		{4E78688D-017E-412B-A7BE-41B7376A145F}.Debug (+trigger)|x86.ActiveCfg = Debug (+trigger)|x86
		{4E78688D-017E-412B-A7BE-41B7376A145F}.Debug (+trigger)|x86.Build.0 = Debug (+trigger)|x86
		{4E78688D-017E-412B-A7BE-41B7376A145F}.Debug|x86.ActiveCfg = Debug|x86
		{4E78688D-017E-412B-A7BE-41B7376A145F}.Debug|x86.Build.0 = Debug|x86
		{4E78688D-017E-412B-A7BE-41B7376A145F}.Release Beta|x86.ActiveCfg = Release Beta|x86
		{4E78688D-017E-412B-A7BE-41B7376A145F}.Release Beta|x86.Build.0 = Release Beta|x86
		{4E78688D-017E-412B-A7BE-41B7376A145F}.Release|x86.ActiveCfg = Release|x86
		{4E78688D-017E-412B-A7BE-41B7376A145F}.Release|x86.Build.0 = Release|x86
	EndGlobalSection
	GlobalSection(SolutionProperties) = preSolution
		HideSolutionNode = FALSE
	EndGlobalSection
EndGlobal
